
Microsoft Visual Studio Solution File, Format Version 12.00
# Visual Studio 15
VisualStudioVersion = 15.0.28307.1525
MinimumVisualStudioVersion = 10.0.40219.1
Project("{FAE04EC0-301F-11D3-BF4B-00C04F79EFBC}") = "SecondHandTowAPI", "SecondHandTowAPI\SecondHandTowAPI.csproj", "{08118D56-663C-40EB-9D9D-4AC81E6B9239}"
EndProject
Global
	GlobalSection(SolutionConfigurationPlatforms) = preSolution
		Debug|Any CPU = Debug|Any CPU
		Release|Any CPU = Release|Any CPU
	EndGlobalSection
	GlobalSection(ProjectConfigurationPlatforms) = postSolution
		{08118D56-663C-40EB-9D9D-4AC81E6B9239}.Debug|Any CPU.ActiveCfg = Debug|Any CPU
		{08118D56-663C-40EB-9D9D-4AC81E6B9239}.Debug|Any CPU.Build.0 = Debug|Any CPU
		{08118D56-663C-40EB-9D9D-4AC81E6B9239}.Release|Any CPU.ActiveCfg = Release|Any CPU
		{08118D56-663C-40EB-9D9D-4AC81E6B9239}.Release|Any CPU.Build.0 = Release|Any CPU
	EndGlobalSection
	GlobalSection(SolutionProperties) = preSolution
		HideSolutionNode = FALSE
	EndGlobalSection
	GlobalSection(ExtensibilityGlobals) = postSolution
		SolutionGuid = {E5445FA1-8854-413F-ADC6-10584AB5E38F}
	EndGlobalSection
EndGlobal
